Microsoft Visual Studio Solution File, Format Version 12.00
# Visual Studio Version 17
VisualStudioVersion = 17.5.2.0
MinimumVisualStudioVersion = 10.0.40219.1
Project("{FAE04EC0-301F-11D3-BF4B-00C04F79EFBC}") = "zaraga.logger", "zaraga.logger.csproj", "{5D80A59D-8ACB-2B6D-4799-4EBE69C931BF}"
EndProject
Global
	GlobalSection(SolutionConfigurationPlatforms) = preSolution
		Debug|Any CPU = Debug|Any CPU
		Release|Any CPU = Release|Any CPU
	EndGlobalSection
	GlobalSection(ProjectConfigurationPlatforms) = postSolution
		{5D80A59D-8ACB-2B6D-4799-4EBE69C931BF}.Debug|Any CPU.ActiveCfg = Debug|Any CPU
		{5D80A59D-8ACB-2B6D-4799-4EBE69C931BF}.Debug|Any CPU.Build.0 = Debug|Any CPU
		{5D80A59D-8ACB-2B6D-4799-4EBE69C931BF}.Release|Any CPU.ActiveCfg = Release|Any CPU
		{5D80A59D-8ACB-2B6D-4799-4EBE69C931BF}.Release|Any CPU.Build.0 = Release|Any CPU
	EndGlobalSection
	GlobalSection(SolutionProperties) = preSolution
		HideSolutionNode = FALSE
	EndGlobalSection
	GlobalSection(ExtensibilityGlobals) = postSolution
		SolutionGuid = {58797E3B-73A8-4F72-9F51-432A6022238E}
	EndGlobalSection
EndGlobal
